
Microsoft Visual Studio Solution File, Format Version 12.00
# Visual Studio Version 16
VisualStudioVersion = 16.0.32125.265
MinimumVisualStudioVersion = 10.0.40219.1
Project("{2150E333-8FDC-42A3-9474-1A3956D46DE8}") = "_docs", "_docs", "{40B54CE4-F9F7-452A-B350-0B7C58DBA345}"
	ProjectSection(SolutionItems) = preProject
		_docs\CC3__DevNotes.md = _docs\CC3__DevNotes.md
		_docs\CC3_CleanResources.md = _docs\CC3_CleanResources.md
		_docs\CC3_EFResources.md = _docs\CC3_EFResources.md
		_docs\CC3_Logging.md = _docs\CC3_Logging.md
		_docs\CC3_Resources.md = _docs\CC3_Resources.md
		_docs\CC3_Tools.md = _docs\CC3_Tools.md
		License.txt = License.txt
		readme.md = readme.md
	EndProjectSection
EndProject
Project("{2150E333-8FDC-42A3-9474-1A3956D46DE8}") = "Solution Items", "Solution Items", "{F20DBA7C-BCBB-4FB8-BE15-6063C9BF675A}"
	ProjectSection(SolutionItems) = preProject
		.editorconfig = .editorconfig
		.gitignore = .gitignore
	EndProjectSection
EndProject
Project("{2150E333-8FDC-42A3-9474-1A3956D46DE8}") = "src", "src", "{8598DA28-E9FC-46E5-B197-1EEE036667EE}"
EndProject
Project("{2150E333-8FDC-42A3-9474-1A3956D46DE8}") = "tests", "tests", "{1B74C6B5-13B9-457E-B1E5-25E484DA3C1C}"
EndProject
Project("{9A19103F-16F7-4668-BE54-9A1E7A4F7556}") = "CU.SharedKernel", "src\CU.SharedKernel\CU.SharedKernel.csproj", "{1A4A42F1-3054-44A1-9B63-9CC78C0597BC}"
EndProject
Project("{9A19103F-16F7-4668-BE54-9A1E7A4F7556}") = "ContosoUniversity.Models", "src\ContosoUniversity.Models\ContosoUniversity.Models.csproj", "{2059BDA5-DA15-4E90-B260-696A8BD04024}"
EndProject
Project("{9A19103F-16F7-4668-BE54-9A1E7A4F7556}") = "CU.Application.Common", "src\CU.Application.Common\CU.Application.Common.csproj", "{047E422A-6117-44E7-98DE-3C36EBEB7AD4}"
EndProject
Project("{9A19103F-16F7-4668-BE54-9A1E7A4F7556}") = "CU.Application.Shared", "src\CU.Application.Shared\CU.Application.Shared.csproj", "{B941D17D-C3A4-4E62-BB9E-8420C7253159}"
EndProject
Project("{9A19103F-16F7-4668-BE54-9A1E7A4F7556}") = "CU.Application", "src\CU.Application\CU.Application.csproj", "{57F2581C-C334-4910-AFF4-045840DBAFBB}"
EndProject
Project("{9A19103F-16F7-4668-BE54-9A1E7A4F7556}") = "CU.Infrastructure", "src\CU.Infrastructure\CU.Infrastructure.csproj", "{AA447D16-E21C-4C69-B9FA-9129EA63ED8D}"
EndProject
Project("{9A19103F-16F7-4668-BE54-9A1E7A4F7556}") = "CU.ApplicationIntegrationTests", "tests\CU.ApplicationIntegrationTests\CU.ApplicationIntegrationTests.csproj", "{DB3A4889-6707-474E-87E8-463A2515A5AD}"
EndProject
Project("{9A19103F-16F7-4668-BE54-9A1E7A4F7556}") = "ContosoUniversity", "src\ContosoUniversity\ContosoUniversity.csproj", "{891D769A-47D1-42A9-BA72-0FCF67834B55}"
EndProject
Project("{9A19103F-16F7-4668-BE54-9A1E7A4F7556}") = "Demo.Components", "src\Demo.Components\Demo.Components.csproj", "{F4A83CC2-E51D-475E-8D5C-507634893C1C}"
EndProject
Global
	GlobalSection(SolutionConfigurationPlatforms) = preSolution
		Debug|Any CPU = Debug|Any CPU
		Release|Any CPU = Release|Any CPU
	EndGlobalSection
	GlobalSection(ProjectConfigurationPlatforms) = postSolution
		{1A4A42F1-3054-44A1-9B63-9CC78C0597BC}.Debug|Any CPU.ActiveCfg = Debug|Any CPU
		{1A4A42F1-3054-44A1-9B63-9CC78C0597BC}.Debug|Any CPU.Build.0 = Debug|Any CPU
		{1A4A42F1-3054-44A1-9B63-9CC78C0597BC}.Release|Any CPU.ActiveCfg = Release|Any CPU
		{1A4A42F1-3054-44A1-9B63-9CC78C0597BC}.Release|Any CPU.Build.0 = Release|Any CPU
		{2059BDA5-DA15-4E90-B260-696A8BD04024}.Debug|Any CPU.ActiveCfg = Debug|Any CPU
		{2059BDA5-DA15-4E90-B260-696A8BD04024}.Debug|Any CPU.Build.0 = Debug|Any CPU
		{2059BDA5-DA15-4E90-B260-696A8BD04024}.Release|Any CPU.ActiveCfg = Release|Any CPU
		{2059BDA5-DA15-4E90-B260-696A8BD04024}.Release|Any CPU.Build.0 = Release|Any CPU
		{047E422A-6117-44E7-98DE-3C36EBEB7AD4}.Debug|Any CPU.ActiveCfg = Debug|Any CPU
		{047E422A-6117-44E7-98DE-3C36EBEB7AD4}.Debug|Any CPU.Build.0 = Debug|Any CPU
		{047E422A-6117-44E7-98DE-3C36EBEB7AD4}.Release|Any CPU.ActiveCfg = Release|Any CPU
		{047E422A-6117-44E7-98DE-3C36EBEB7AD4}.Release|Any CPU.Build.0 = Release|Any CPU
		{B941D17D-C3A4-4E62-BB9E-8420C7253159}.Debug|Any CPU.ActiveCfg = Debug|Any CPU
		{B941D17D-C3A4-4E62-BB9E-8420C7253159}.Debug|Any CPU.Build.0 = Debug|Any CPU
		{B941D17D-C3A4-4E62-BB9E-8420C7253159}.Release|Any CPU.ActiveCfg = Release|Any CPU
		{B941D17D-C3A4-4E62-BB9E-8420C7253159}.Release|Any CPU.Build.0 = Release|Any CPU
		{57F2581C-C334-4910-AFF4-045840DBAFBB}.Debug|Any CPU.ActiveCfg = Debug|Any CPU
		{57F2581C-C334-4910-AFF4-045840DBAFBB}.Debug|Any CPU.Build.0 = Debug|Any CPU
		{57F2581C-C334-4910-AFF4-045840DBAFBB}.Release|Any CPU.ActiveCfg = Release|Any CPU
		{57F2581C-C334-4910-AFF4-045840DBAFBB}.Release|Any CPU.Build.0 = Release|Any CPU
		{AA447D16-E21C-4C69-B9FA-9129EA63ED8D}.Debug|Any CPU.ActiveCfg = Debug|Any CPU
		{AA447D16-E21C-4C69-B9FA-9129EA63ED8D}.Debug|Any CPU.Build.0 = Debug|Any CPU
		{AA447D16-E21C-4C69-B9FA-9129EA63ED8D}.Release|Any CPU.ActiveCfg = Release|Any CPU
		{AA447D16-E21C-4C69-B9FA-9129EA63ED8D}.Release|Any CPU.Build.0 = Release|Any CPU
		{DB3A4889-6707-474E-87E8-463A2515A5AD}.Debug|Any CPU.ActiveCfg = Debug|Any CPU
		{DB3A4889-6707-474E-87E8-463A2515A5AD}.Debug|Any CPU.Build.0 = Debug|Any CPU
		{DB3A4889-6707-474E-87E8-463A2515A5AD}.Release|Any CPU.ActiveCfg = Release|Any CPU
		{DB3A4889-6707-474E-87E8-463A2515A5AD}.Release|Any CPU.Build.0 = Release|Any CPU
		{891D769A-47D1-42A9-BA72-0FCF67834B55}.Debug|Any CPU.ActiveCfg = Debug|Any CPU
		{891D769A-47D1-42A9-BA72-0FCF67834B55}.Debug|Any CPU.Build.0 = Debug|Any CPU
		{891D769A-47D1-42A9-BA72-0FCF67834B55}.Release|Any CPU.ActiveCfg = Release|Any CPU
		{891D769A-47D1-42A9-BA72-0FCF67834B55}.Release|Any CPU.Build.0 = Release|Any CPU
		{F4A83CC2-E51D-475E-8D5C-507634893C1C}.Debug|Any CPU.ActiveCfg = Debug|Any CPU
		{F4A83CC2-E51D-475E-8D5C-507634893C1C}.Debug|Any CPU.Build.0 = Debug|Any CPU
		{F4A83CC2-E51D-475E-8D5C-507634893C1C}.Release|Any CPU.ActiveCfg = Release|Any CPU
		{F4A83CC2-E51D-475E-8D5C-507634893C1C}.Release|Any CPU.Build.0 = Release|Any CPU
	EndGlobalSection
	GlobalSection(SolutionProperties) = preSolution
		HideSolutionNode = FALSE
	EndGlobalSection
	GlobalSection(NestedProjects) = preSolution
		{1A4A42F1-3054-44A1-9B63-9CC78C0597BC} = {8598DA28-E9FC-46E5-B197-1EEE036667EE}
		{2059BDA5-DA15-4E90-B260-696A8BD04024} = {8598DA28-E9FC-46E5-B197-1EEE036667EE}
		{047E422A-6117-44E7-98DE-3C36EBEB7AD4} = {8598DA28-E9FC-46E5-B197-1EEE036667EE}
		{B941D17D-C3A4-4E62-BB9E-8420C7253159} = {8598DA28-E9FC-46E5-B197-1EEE036667EE}
		{57F2581C-C334-4910-AFF4-045840DBAFBB} = {8598DA28-E9FC-46E5-B197-1EEE036667EE}
		{AA447D16-E21C-4C69-B9FA-9129EA63ED8D} = {8598DA28-E9FC-46E5-B197-1EEE036667EE}
		{DB3A4889-6707-474E-87E8-463A2515A5AD} = {1B74C6B5-13B9-457E-B1E5-25E484DA3C1C}
		{891D769A-47D1-42A9-BA72-0FCF67834B55} = {8598DA28-E9FC-46E5-B197-1EEE036667EE}
		{F4A83CC2-E51D-475E-8D5C-507634893C1C} = {8598DA28-E9FC-46E5-B197-1EEE036667EE}
	EndGlobalSection
	GlobalSection(ExtensibilityGlobals) = postSolution
		SolutionGuid = {6361DA8F-698B-4510-A050-FBE76BB3FA87}
	EndGlobalSection
EndGlobal
